%{"gen_mqtt": {:hex, :gen_mqtt, "0.3.1", "6ce6af7c2bcb125d5b4125c67c5ab1f29bcec2638236509bcc6abf510a6661ed", [:mix], [{:vmq_commons, "1.0.0", [hex: :vmq_commons, repo: "hexpm", optional: false]}], "hexpm"},
  "vmq_commons": {:hex, :vmq_commons, "1.0.0", "5f5005c12db33f92f40e818a3617fb148972d59adcf99298c9d3808ef3582e34", [:rebar3], [], "hexpm"}}
